
Microsoft Visual Studio Solution File, Format Version 12.00
# Visual Studio Version 17
VisualStudioVersion = 17.11.35303.130
MinimumVisualStudioVersion = 10.0.40219.1
Project("{FAE04EC0-301F-11D3-BF4B-00C04F79EFBC}") = "WinFormsApp25", "WinFormsApp25.csproj", "{22089145-3B2D-4A01-8A1A-1B631AF2AED9}"
EndProject
Global
	GlobalSection(SolutionConfigurationPlatforms) = preSolution
		Debug|Any CPU = Debug|Any CPU
		Release|Any CPU = Release|Any CPU
	EndGlobalSection
	GlobalSection(ProjectConfigurationPlatforms) = postSolution
		{22089145-3B2D-4A01-8A1A-1B631AF2AED9}.Debug|Any CPU.ActiveCfg = Debug|Any CPU
		{22089145-3B2D-4A01-8A1A-1B631AF2AED9}.Debug|Any CPU.Build.0 = Debug|Any CPU
		{22089145-3B2D-4A01-8A1A-1B631AF2AED9}.Release|Any CPU.ActiveCfg = Release|Any CPU
		{22089145-3B2D-4A01-8A1A-1B631AF2AED9}.Release|Any CPU.Build.0 = Release|Any CPU
	EndGlobalSection
	GlobalSection(SolutionProperties) = preSolution
		HideSolutionNode = FALSE
	EndGlobalSection
	GlobalSection(ExtensibilityGlobals) = postSolution
		SolutionGuid = {CE53FAF1-7161-4710-9C02-3D42200D92C8}
	EndGlobalSection
EndGlobal
